
Microsoft Visual Studio Solution File, Format Version 12.00
# Visual Studio 2015
Project("{FAE04EC0-301F-11D3-BF4B-00C04F79EFBC}") = "RobotPuzzle", "RobotPuzzle.csproj", "{305B307F-F956-5F61-47CC-5D2E669F85DD}"
EndProject
Global
	GlobalSection(SolutionConfigurationPlatforms) = preSolution
		Debug|Any CPU = Debug|Any CPU
		Release|Any CPU = Release|Any CPU
	EndGlobalSection
	GlobalSection(ProjectConfigurationPlatforms) = postSolution
		{305B307F-F956-5F61-47CC-5D2E669F85DD}.Debug|Any CPU.ActiveCfg = Debug|Any CPU
		{305B307F-F956-5F61-47CC-5D2E669F85DD}.Debug|Any CPU.Build.0 = Debug|Any CPU
		{305B307F-F956-5F61-47CC-5D2E669F85DD}.Release|Any CPU.ActiveCfg = Release|Any CPU
		{305B307F-F956-5F61-47CC-5D2E669F85DD}.Release|Any CPU.Build.0 = Release|Any CPU
	EndGlobalSection
	GlobalSection(SolutionProperties) = preSolution
		HideSolutionNode = FALSE
	EndGlobalSection
EndGlobal
